
Microsoft Visual Studio Solution File, Format Version 12.00
# Visual Studio 15
VisualStudioVersion = 15.0.26730.8
MinimumVisualStudioVersion = 10.0.40219.1
Project("{FAE04EC0-301F-11D3-BF4B-00C04F79EFBC}") = "TestOutputOneHW", "TestOutputOneHW\TestOutputOneHW.csproj", "{BF553B55-C967-4BD3-8385-EB5D1C50A6EF}"
EndProject
Project("{FAE04EC0-301F-11D3-BF4B-00C04F79EFBC}") = "TestOutputOneHWTests", "TestOutputOneHWTests\TestOutputOneHWTests.csproj", "{79114942-7A2F-4CAA-8798-359364EE8AD9}"
EndProject
Global
	GlobalSection(SolutionConfigurationPlatforms) = preSolution
		Debug|Any CPU = Debug|Any CPU
		Release|Any CPU = Release|Any CPU
	EndGlobalSection
	GlobalSection(ProjectConfigurationPlatforms) = postSolution
		{BF553B55-C967-4BD3-8385-EB5D1C50A6EF}.Debug|Any CPU.ActiveCfg = Debug|Any CPU
		{BF553B55-C967-4BD3-8385-EB5D1C50A6EF}.Debug|Any CPU.Build.0 = Debug|Any CPU
		{BF553B55-C967-4BD3-8385-EB5D1C50A6EF}.Release|Any CPU.ActiveCfg = Release|Any CPU
		{BF553B55-C967-4BD3-8385-EB5D1C50A6EF}.Release|Any CPU.Build.0 = Release|Any CPU
		{79114942-7A2F-4CAA-8798-359364EE8AD9}.Debug|Any CPU.ActiveCfg = Debug|Any CPU
		{79114942-7A2F-4CAA-8798-359364EE8AD9}.Debug|Any CPU.Build.0 = Debug|Any CPU
		{79114942-7A2F-4CAA-8798-359364EE8AD9}.Release|Any CPU.ActiveCfg = Release|Any CPU
		{79114942-7A2F-4CAA-8798-359364EE8AD9}.Release|Any CPU.Build.0 = Release|Any CPU
	EndGlobalSection
	GlobalSection(SolutionProperties) = preSolution
		HideSolutionNode = FALSE
	EndGlobalSection
	GlobalSection(ExtensibilityGlobals) = postSolution
		SolutionGuid = {40A54EA4-F580-49A8-8383-5E8FCFA74BC8}
	EndGlobalSection
EndGlobal
